
Microsoft Visual Studio Solution File, Format Version 12.00
# Visual Studio Version 17
VisualStudioVersion = 17.2.32630.192
MinimumVisualStudioVersion = 10.0.40219.1
Project("{9A19103F-16F7-4668-BE54-9A1E7A4F7556}") = "Testing", "Testing\Testing.csproj", "{0119A331-7108-440E-9CAC-BCDC3BC78A36}"
EndProject
Project("{9A19103F-16F7-4668-BE54-9A1E7A4F7556}") = "Host", "Host\Host.csproj", "{8695EE78-9A56-49FD-B8B3-80C8D8820DC4}"
EndProject
Project("{FAE04EC0-301F-11D3-BF4B-00C04F79EFBC}") = "Fern", "Fern\Fern.csproj", "{48C13033-D00C-463D-8B6F-28E2965F15B8}"
EndProject
Global
	GlobalSection(SolutionConfigurationPlatforms) = preSolution
		Debug|Any CPU = Debug|Any CPU
		Release|Any CPU = Release|Any CPU
	EndGlobalSection
	GlobalSection(ProjectConfigurationPlatforms) = postSolution
		{0119A331-7108-440E-9CAC-BCDC3BC78A36}.Debug|Any CPU.ActiveCfg = Debug|Any CPU
		{0119A331-7108-440E-9CAC-BCDC3BC78A36}.Debug|Any CPU.Build.0 = Debug|Any CPU
		{0119A331-7108-440E-9CAC-BCDC3BC78A36}.Release|Any CPU.ActiveCfg = Release|Any CPU
		{0119A331-7108-440E-9CAC-BCDC3BC78A36}.Release|Any CPU.Build.0 = Release|Any CPU
		{8695EE78-9A56-49FD-B8B3-80C8D8820DC4}.Debug|Any CPU.ActiveCfg = Debug|Any CPU
		{8695EE78-9A56-49FD-B8B3-80C8D8820DC4}.Debug|Any CPU.Build.0 = Debug|Any CPU
		{8695EE78-9A56-49FD-B8B3-80C8D8820DC4}.Release|Any CPU.ActiveCfg = Release|Any CPU
		{8695EE78-9A56-49FD-B8B3-80C8D8820DC4}.Release|Any CPU.Build.0 = Release|Any CPU
		{48C13033-D00C-463D-8B6F-28E2965F15B8}.Debug|Any CPU.ActiveCfg = Debug|Any CPU
		{48C13033-D00C-463D-8B6F-28E2965F15B8}.Debug|Any CPU.Build.0 = Debug|Any CPU
		{48C13033-D00C-463D-8B6F-28E2965F15B8}.Release|Any CPU.ActiveCfg = Release|Any CPU
		{48C13033-D00C-463D-8B6F-28E2965F15B8}.Release|Any CPU.Build.0 = Release|Any CPU
	EndGlobalSection
	GlobalSection(SolutionProperties) = preSolution
		HideSolutionNode = FALSE
	EndGlobalSection
	GlobalSection(ExtensibilityGlobals) = postSolution
		SolutionGuid = {BD5EC6AD-CAE6-4D31-9B8E-2DA6D914F196}
	EndGlobalSection
EndGlobal
